
Microsoft Visual Studio Solution File, Format Version 12.00
# Visual Studio Version 17
VisualStudioVersion = 17.9.34616.47
MinimumVisualStudioVersion = 10.0.40219.1
Project("{9A19103F-16F7-4668-BE54-9A1E7A4F7556}") = "Ecommerce.Domain", "src\Ecommerce.Domain\Ecommerce.Domain.csproj", "{554AD327-6DBA-4F8F-96F8-81CE7A0C863F}"
EndProject
Project("{9A19103F-16F7-4668-BE54-9A1E7A4F7556}") = "Ecommerce.Application", "src\Ecommerce.Application\Ecommerce.Application.csproj", "{1A94A50E-06DC-43C1-80B5-B662820EC3EB}"
EndProject
Project("{9A19103F-16F7-4668-BE54-9A1E7A4F7556}") = "Ecommerce.EntityFrameworkCore", "src\Ecommerce.EntityFrameworkCore\Ecommerce.EntityFrameworkCore.csproj", "{C956DD76-69C8-4A9C-83EA-D17DF83340FD}"
EndProject
Project("{2150E333-8FDC-42A3-9474-1A3956D46DE8}") = "src", "src", "{CA9AC87F-097E-4F15-8393-4BC07735A5B0}"
EndProject
Project("{2150E333-8FDC-42A3-9474-1A3956D46DE8}") = "test", "test", "{04DBDB01-70F4-4E06-B468-8F87850B22BE}"
EndProject
Project("{9A19103F-16F7-4668-BE54-9A1E7A4F7556}") = "Ecommerce.Application.Tests", "test\Ecommerce.Application.Tests\Ecommerce.Application.Tests.csproj", "{50B2631D-129C-47B3-A587-029CCD6099BC}"
EndProject
Project("{9A19103F-16F7-4668-BE54-9A1E7A4F7556}") = "Ecommerce.Domain.Shared", "src\Ecommerce.Domain.Shared\Ecommerce.Domain.Shared.csproj", "{42F719ED-8413-4895-B5B4-5AB56079BC66}"
EndProject
Project("{9A19103F-16F7-4668-BE54-9A1E7A4F7556}") = "Ecommerce.Application.Contracts", "src\Ecommerce.Application.Contracts\Ecommerce.Application.Contracts.csproj", "{520659C8-C734-4298-A3DA-B539DB9DFC0B}"
EndProject
Project("{9A19103F-16F7-4668-BE54-9A1E7A4F7556}") = "Ecommerce.HttpApi", "src\Ecommerce.HttpApi\Ecommerce.HttpApi.csproj", "{4164BDF7-F527-4E85-9CE6-E3C2D7426A27}"
EndProject
Project("{9A19103F-16F7-4668-BE54-9A1E7A4F7556}") = "Ecommerce.HttpApi.Client", "src\Ecommerce.HttpApi.Client\Ecommerce.HttpApi.Client.csproj", "{3B5A0094-670D-4BB1-BFDD-61B88A8773DC}"
EndProject
Project("{9A19103F-16F7-4668-BE54-9A1E7A4F7556}") = "Ecommerce.AuthServer", "src\Ecommerce.AuthServer\Ecommerce.AuthServer.csproj", "{073C361E-B8F4-49F5-93CC-72A3FF49C026}"
EndProject
Project("{9A19103F-16F7-4668-BE54-9A1E7A4F7556}") = "Ecommerce.HttpApi.Host", "src\Ecommerce.HttpApi.Host\Ecommerce.HttpApi.Host.csproj", "{E6D5BF0E-DE92-4D82-A352-EF04B37CB11C}"
EndProject
Project("{9A19103F-16F7-4668-BE54-9A1E7A4F7556}") = "Ecommerce.EntityFrameworkCore.Tests", "test\Ecommerce.EntityFrameworkCore.Tests\Ecommerce.EntityFrameworkCore.Tests.csproj", "{1FE30EB9-74A9-47F5-A9F6-7B1FAB672D81}"
EndProject
Project("{9A19103F-16F7-4668-BE54-9A1E7A4F7556}") = "Ecommerce.TestBase", "test\Ecommerce.TestBase\Ecommerce.TestBase.csproj", "{91853F21-9CD9-4132-BC29-A7D5D84FFFE7}"
EndProject
Project("{9A19103F-16F7-4668-BE54-9A1E7A4F7556}") = "Ecommerce.Domain.Tests", "test\Ecommerce.Domain.Tests\Ecommerce.Domain.Tests.csproj", "{E512F4D9-9375-480F-A2F6-A46509F9D824}"
EndProject
Project("{9A19103F-16F7-4668-BE54-9A1E7A4F7556}") = "Ecommerce.HttpApi.Client.ConsoleTestApp", "test\Ecommerce.HttpApi.Client.ConsoleTestApp\Ecommerce.HttpApi.Client.ConsoleTestApp.csproj", "{EF480016-9127-4916-8735-D2466BDBC582}"
EndProject
Project("{9A19103F-16F7-4668-BE54-9A1E7A4F7556}") = "Ecommerce.DbMigrator", "src\Ecommerce.DbMigrator\Ecommerce.DbMigrator.csproj", "{AA94D832-1CCC-4715-95A9-A483F23A1A5D}"
EndProject
Project("{2150E333-8FDC-42A3-9474-1A3956D46DE8}") = "auth", "auth", "{7DDAD6AF-A8A4-4D34-B525-251620C896B8}"
EndProject
Project("{2150E333-8FDC-42A3-9474-1A3956D46DE8}") = "common", "common", "{8119AB46-F338-4D7E-8BD2-23B69D65559D}"
EndProject
Project("{2150E333-8FDC-42A3-9474-1A3956D46DE8}") = "domain", "domain", "{13B339D4-6563-4E7A-BCBC-9EB02AFEAC47}"
EndProject
Project("{2150E333-8FDC-42A3-9474-1A3956D46DE8}") = "infrastructure", "infrastructure", "{795AD9B8-AA7A-410E-B6D6-EAABAEB9674E}"
EndProject
Project("{2150E333-8FDC-42A3-9474-1A3956D46DE8}") = "public", "public", "{B00AAA31-A339-4677-B024-1F46E45C6EDB}"
EndProject
Project("{2150E333-8FDC-42A3-9474-1A3956D46DE8}") = "admin", "admin", "{F9D8785F-6411-4289-9C80-BA1FC4AADA66}"
EndProject
Project("{9A19103F-16F7-4668-BE54-9A1E7A4F7556}") = "Ecommerce.Admin.Application", "src\Ecommerce.Admin.Application\Ecommerce.Admin.Application.csproj", "{02F4D718-5622-4CC2-BEA9-48B5E638A31A}"
EndProject
Project("{9A19103F-16F7-4668-BE54-9A1E7A4F7556}") = "Ecommerce.Admin.Application.Contracts", "src\Ecommerce.Admin.Application.Contracts\Ecommerce.Admin.Application.Contracts.csproj", "{1A6E5E1C-F1CB-44CA-B762-C4038B1D8735}"
EndProject
Project("{9A19103F-16F7-4668-BE54-9A1E7A4F7556}") = "Ecommerce.Admin.HttpApi", "src\Ecommerce.Admin.HttpApi\Ecommerce.Admin.HttpApi.csproj", "{B8DC3E9E-7F70-47F4-B5DB-F1712849F2F0}"
EndProject
Project("{9A19103F-16F7-4668-BE54-9A1E7A4F7556}") = "Ecommerce.Admin.HttpApi.Client", "src\Ecommerce.Admin.HttpApi.Client\Ecommerce.Admin.HttpApi.Client.csproj", "{C5D26776-321C-48B9-9CB9-3F0875203686}"
EndProject
Project("{9A19103F-16F7-4668-BE54-9A1E7A4F7556}") = "Ecommerce.Admin.HttpApi.Host", "src\Ecommerce.Admin.HttpApi.Host\Ecommerce.Admin.HttpApi.Host.csproj", "{0A116255-E367-42BE-B01E-C1AD166F33BA}"
EndProject
Project("{2150E333-8FDC-42A3-9474-1A3956D46DE8}") = "public", "public", "{18C3D550-E709-4725-B2C5-93868DDC45F7}"
EndProject
Project("{2150E333-8FDC-42A3-9474-1A3956D46DE8}") = "admin", "admin", "{45D1FA70-2C51-48F8-AA49-F5CA412CD223}"
EndProject
Project("{9A19103F-16F7-4668-BE54-9A1E7A4F7556}") = "Ecommerce.Admin.Application.Tests", "test\Ecommerce.Admin.Application.Tests\Ecommerce.Admin.Application.Tests.csproj", "{42A49580-4B5B-4388-9C59-839666834A6D}"
EndProject
Project("{9A19103F-16F7-4668-BE54-9A1E7A4F7556}") = "Ecommerce.Admin.HttpApi.Client.ConsoleTestApp", "test\Ecommerce.Admin.HttpApi.Client.ConsoleTestApp\Ecommerce.Admin.HttpApi.Client.ConsoleTestApp.csproj", "{64C27750-7C36-48A9-A6CE-C8094C5BAC6D}"
EndProject
Project("{2150E333-8FDC-42A3-9474-1A3956D46DE8}") = "shared", "shared", "{BC4618A3-D788-4525-BFCA-C3B2C3B01A3B}"
EndProject
Global
	GlobalSection(SolutionConfigurationPlatforms) = preSolution
		Debug|Any CPU = Debug|Any CPU
		Release|Any CPU = Release|Any CPU
	EndGlobalSection
	GlobalSection(ProjectConfigurationPlatforms) = postSolution
		{554AD327-6DBA-4F8F-96F8-81CE7A0C863F}.Debug|Any CPU.ActiveCfg = Debug|Any CPU
		{554AD327-6DBA-4F8F-96F8-81CE7A0C863F}.Debug|Any CPU.Build.0 = Debug|Any CPU
		{554AD327-6DBA-4F8F-96F8-81CE7A0C863F}.Release|Any CPU.ActiveCfg = Release|Any CPU
		{554AD327-6DBA-4F8F-96F8-81CE7A0C863F}.Release|Any CPU.Build.0 = Release|Any CPU
		{1A94A50E-06DC-43C1-80B5-B662820EC3EB}.Debug|Any CPU.ActiveCfg = Debug|Any CPU
		{1A94A50E-06DC-43C1-80B5-B662820EC3EB}.Debug|Any CPU.Build.0 = Debug|Any CPU
		{1A94A50E-06DC-43C1-80B5-B662820EC3EB}.Release|Any CPU.ActiveCfg = Release|Any CPU
		{1A94A50E-06DC-43C1-80B5-B662820EC3EB}.Release|Any CPU.Build.0 = Release|Any CPU
		{C956DD76-69C8-4A9C-83EA-D17DF83340FD}.Debug|Any CPU.ActiveCfg = Debug|Any CPU
		{C956DD76-69C8-4A9C-83EA-D17DF83340FD}.Debug|Any CPU.Build.0 = Debug|Any CPU
		{C956DD76-69C8-4A9C-83EA-D17DF83340FD}.Release|Any CPU.ActiveCfg = Release|Any CPU
		{C956DD76-69C8-4A9C-83EA-D17DF83340FD}.Release|Any CPU.Build.0 = Release|Any CPU
		{50B2631D-129C-47B3-A587-029CCD6099BC}.Debug|Any CPU.ActiveCfg = Debug|Any CPU
		{50B2631D-129C-47B3-A587-029CCD6099BC}.Debug|Any CPU.Build.0 = Debug|Any CPU
		{50B2631D-129C-47B3-A587-029CCD6099BC}.Release|Any CPU.ActiveCfg = Release|Any CPU
		{50B2631D-129C-47B3-A587-029CCD6099BC}.Release|Any CPU.Build.0 = Release|Any CPU
		{42F719ED-8413-4895-B5B4-5AB56079BC66}.Debug|Any CPU.ActiveCfg = Debug|Any CPU
		{42F719ED-8413-4895-B5B4-5AB56079BC66}.Debug|Any CPU.Build.0 = Debug|Any CPU
		{42F719ED-8413-4895-B5B4-5AB56079BC66}.Release|Any CPU.ActiveCfg = Release|Any CPU
		{42F719ED-8413-4895-B5B4-5AB56079BC66}.Release|Any CPU.Build.0 = Release|Any CPU
		{520659C8-C734-4298-A3DA-B539DB9DFC0B}.Debug|Any CPU.ActiveCfg = Debug|Any CPU
		{520659C8-C734-4298-A3DA-B539DB9DFC0B}.Debug|Any CPU.Build.0 = Debug|Any CPU
		{520659C8-C734-4298-A3DA-B539DB9DFC0B}.Release|Any CPU.ActiveCfg = Release|Any CPU
		{520659C8-C734-4298-A3DA-B539DB9DFC0B}.Release|Any CPU.Build.0 = Release|Any CPU
		{4164BDF7-F527-4E85-9CE6-E3C2D7426A27}.Debug|Any CPU.ActiveCfg = Debug|Any CPU
		{4164BDF7-F527-4E85-9CE6-E3C2D7426A27}.Debug|Any CPU.Build.0 = Debug|Any CPU
		{4164BDF7-F527-4E85-9CE6-E3C2D7426A27}.Release|Any CPU.ActiveCfg = Release|Any CPU
		{4164BDF7-F527-4E85-9CE6-E3C2D7426A27}.Release|Any CPU.Build.0 = Release|Any CPU
		{3B5A0094-670D-4BB1-BFDD-61B88A8773DC}.Debug|Any CPU.ActiveCfg = Debug|Any CPU
		{3B5A0094-670D-4BB1-BFDD-61B88A8773DC}.Debug|Any CPU.Build.0 = Debug|Any CPU
		{3B5A0094-670D-4BB1-BFDD-61B88A8773DC}.Release|Any CPU.ActiveCfg = Release|Any CPU
		{3B5A0094-670D-4BB1-BFDD-61B88A8773DC}.Release|Any CPU.Build.0 = Release|Any CPU
		{073C361E-B8F4-49F5-93CC-72A3FF49C026}.Debug|Any CPU.ActiveCfg = Debug|Any CPU
		{073C361E-B8F4-49F5-93CC-72A3FF49C026}.Debug|Any CPU.Build.0 = Debug|Any CPU
		{073C361E-B8F4-49F5-93CC-72A3FF49C026}.Release|Any CPU.ActiveCfg = Release|Any CPU
		{073C361E-B8F4-49F5-93CC-72A3FF49C026}.Release|Any CPU.Build.0 = Release|Any CPU
		{E6D5BF0E-DE92-4D82-A352-EF04B37CB11C}.Debug|Any CPU.ActiveCfg = Debug|Any CPU
		{E6D5BF0E-DE92-4D82-A352-EF04B37CB11C}.Debug|Any CPU.Build.0 = Debug|Any CPU
		{E6D5BF0E-DE92-4D82-A352-EF04B37CB11C}.Release|Any CPU.ActiveCfg = Release|Any CPU
		{E6D5BF0E-DE92-4D82-A352-EF04B37CB11C}.Release|Any CPU.Build.0 = Release|Any CPU
		{1FE30EB9-74A9-47F5-A9F6-7B1FAB672D81}.Debug|Any CPU.ActiveCfg = Debug|Any CPU
		{1FE30EB9-74A9-47F5-A9F6-7B1FAB672D81}.Debug|Any CPU.Build.0 = Debug|Any CPU
		{1FE30EB9-74A9-47F5-A9F6-7B1FAB672D81}.Release|Any CPU.ActiveCfg = Release|Any CPU
		{1FE30EB9-74A9-47F5-A9F6-7B1FAB672D81}.Release|Any CPU.Build.0 = Release|Any CPU
		{91853F21-9CD9-4132-BC29-A7D5D84FFFE7}.Debug|Any CPU.ActiveCfg = Debug|Any CPU
		{91853F21-9CD9-4132-BC29-A7D5D84FFFE7}.Debug|Any CPU.Build.0 = Debug|Any CPU
		{91853F21-9CD9-4132-BC29-A7D5D84FFFE7}.Release|Any CPU.ActiveCfg = Release|Any CPU
		{91853F21-9CD9-4132-BC29-A7D5D84FFFE7}.Release|Any CPU.Build.0 = Release|Any CPU
		{E512F4D9-9375-480F-A2F6-A46509F9D824}.Debug|Any CPU.ActiveCfg = Debug|Any CPU
		{E512F4D9-9375-480F-A2F6-A46509F9D824}.Debug|Any CPU.Build.0 = Debug|Any CPU
		{E512F4D9-9375-480F-A2F6-A46509F9D824}.Release|Any CPU.ActiveCfg = Release|Any CPU
		{E512F4D9-9375-480F-A2F6-A46509F9D824}.Release|Any CPU.Build.0 = Release|Any CPU
		{EF480016-9127-4916-8735-D2466BDBC582}.Debug|Any CPU.ActiveCfg = Debug|Any CPU
		{EF480016-9127-4916-8735-D2466BDBC582}.Debug|Any CPU.Build.0 = Debug|Any CPU
		{EF480016-9127-4916-8735-D2466BDBC582}.Release|Any CPU.ActiveCfg = Release|Any CPU
		{EF480016-9127-4916-8735-D2466BDBC582}.Release|Any CPU.Build.0 = Release|Any CPU
		{AA94D832-1CCC-4715-95A9-A483F23A1A5D}.Debug|Any CPU.ActiveCfg = Debug|Any CPU
		{AA94D832-1CCC-4715-95A9-A483F23A1A5D}.Debug|Any CPU.Build.0 = Debug|Any CPU
		{AA94D832-1CCC-4715-95A9-A483F23A1A5D}.Release|Any CPU.ActiveCfg = Release|Any CPU
		{AA94D832-1CCC-4715-95A9-A483F23A1A5D}.Release|Any CPU.Build.0 = Release|Any CPU
		{02F4D718-5622-4CC2-BEA9-48B5E638A31A}.Debug|Any CPU.ActiveCfg = Debug|Any CPU
		{02F4D718-5622-4CC2-BEA9-48B5E638A31A}.Debug|Any CPU.Build.0 = Debug|Any CPU
		{02F4D718-5622-4CC2-BEA9-48B5E638A31A}.Release|Any CPU.ActiveCfg = Release|Any CPU
		{02F4D718-5622-4CC2-BEA9-48B5E638A31A}.Release|Any CPU.Build.0 = Release|Any CPU
		{1A6E5E1C-F1CB-44CA-B762-C4038B1D8735}.Debug|Any CPU.ActiveCfg = Debug|Any CPU
		{1A6E5E1C-F1CB-44CA-B762-C4038B1D8735}.Debug|Any CPU.Build.0 = Debug|Any CPU
		{1A6E5E1C-F1CB-44CA-B762-C4038B1D8735}.Release|Any CPU.ActiveCfg = Release|Any CPU
		{1A6E5E1C-F1CB-44CA-B762-C4038B1D8735}.Release|Any CPU.Build.0 = Release|Any CPU
		{B8DC3E9E-7F70-47F4-B5DB-F1712849F2F0}.Debug|Any CPU.ActiveCfg = Debug|Any CPU
		{B8DC3E9E-7F70-47F4-B5DB-F1712849F2F0}.Debug|Any CPU.Build.0 = Debug|Any CPU
		{B8DC3E9E-7F70-47F4-B5DB-F1712849F2F0}.Release|Any CPU.ActiveCfg = Release|Any CPU
		{B8DC3E9E-7F70-47F4-B5DB-F1712849F2F0}.Release|Any CPU.Build.0 = Release|Any CPU
		{C5D26776-321C-48B9-9CB9-3F0875203686}.Debug|Any CPU.ActiveCfg = Debug|Any CPU
		{C5D26776-321C-48B9-9CB9-3F0875203686}.Debug|Any CPU.Build.0 = Debug|Any CPU
		{C5D26776-321C-48B9-9CB9-3F0875203686}.Release|Any CPU.ActiveCfg = Release|Any CPU
		{C5D26776-321C-48B9-9CB9-3F0875203686}.Release|Any CPU.Build.0 = Release|Any CPU
		{0A116255-E367-42BE-B01E-C1AD166F33BA}.Debug|Any CPU.ActiveCfg = Debug|Any CPU
		{0A116255-E367-42BE-B01E-C1AD166F33BA}.Debug|Any CPU.Build.0 = Debug|Any CPU
		{0A116255-E367-42BE-B01E-C1AD166F33BA}.Release|Any CPU.ActiveCfg = Release|Any CPU
		{0A116255-E367-42BE-B01E-C1AD166F33BA}.Release|Any CPU.Build.0 = Release|Any CPU
		{42A49580-4B5B-4388-9C59-839666834A6D}.Debug|Any CPU.ActiveCfg = Debug|Any CPU
		{42A49580-4B5B-4388-9C59-839666834A6D}.Debug|Any CPU.Build.0 = Debug|Any CPU
		{42A49580-4B5B-4388-9C59-839666834A6D}.Release|Any CPU.ActiveCfg = Release|Any CPU
		{42A49580-4B5B-4388-9C59-839666834A6D}.Release|Any CPU.Build.0 = Release|Any CPU
		{64C27750-7C36-48A9-A6CE-C8094C5BAC6D}.Debug|Any CPU.ActiveCfg = Debug|Any CPU
		{64C27750-7C36-48A9-A6CE-C8094C5BAC6D}.Debug|Any CPU.Build.0 = Debug|Any CPU
		{64C27750-7C36-48A9-A6CE-C8094C5BAC6D}.Release|Any CPU.ActiveCfg = Release|Any CPU
		{64C27750-7C36-48A9-A6CE-C8094C5BAC6D}.Release|Any CPU.Build.0 = Release|Any CPU
	EndGlobalSection
	GlobalSection(SolutionProperties) = preSolution
		HideSolutionNode = FALSE
	EndGlobalSection
	GlobalSection(NestedProjects) = preSolution
		{554AD327-6DBA-4F8F-96F8-81CE7A0C863F} = {13B339D4-6563-4E7A-BCBC-9EB02AFEAC47}
		{1A94A50E-06DC-43C1-80B5-B662820EC3EB} = {B00AAA31-A339-4677-B024-1F46E45C6EDB}
		{C956DD76-69C8-4A9C-83EA-D17DF83340FD} = {795AD9B8-AA7A-410E-B6D6-EAABAEB9674E}
		{50B2631D-129C-47B3-A587-029CCD6099BC} = {18C3D550-E709-4725-B2C5-93868DDC45F7}
		{42F719ED-8413-4895-B5B4-5AB56079BC66} = {13B339D4-6563-4E7A-BCBC-9EB02AFEAC47}
		{520659C8-C734-4298-A3DA-B539DB9DFC0B} = {B00AAA31-A339-4677-B024-1F46E45C6EDB}
		{4164BDF7-F527-4E85-9CE6-E3C2D7426A27} = {B00AAA31-A339-4677-B024-1F46E45C6EDB}
		{3B5A0094-670D-4BB1-BFDD-61B88A8773DC} = {B00AAA31-A339-4677-B024-1F46E45C6EDB}
		{073C361E-B8F4-49F5-93CC-72A3FF49C026} = {7DDAD6AF-A8A4-4D34-B525-251620C896B8}
		{E6D5BF0E-DE92-4D82-A352-EF04B37CB11C} = {B00AAA31-A339-4677-B024-1F46E45C6EDB}
		{1FE30EB9-74A9-47F5-A9F6-7B1FAB672D81} = {BC4618A3-D788-4525-BFCA-C3B2C3B01A3B}
		{91853F21-9CD9-4132-BC29-A7D5D84FFFE7} = {BC4618A3-D788-4525-BFCA-C3B2C3B01A3B}
		{E512F4D9-9375-480F-A2F6-A46509F9D824} = {18C3D550-E709-4725-B2C5-93868DDC45F7}
		{EF480016-9127-4916-8735-D2466BDBC582} = {BC4618A3-D788-4525-BFCA-C3B2C3B01A3B}
		{AA94D832-1CCC-4715-95A9-A483F23A1A5D} = {795AD9B8-AA7A-410E-B6D6-EAABAEB9674E}
		{7DDAD6AF-A8A4-4D34-B525-251620C896B8} = {CA9AC87F-097E-4F15-8393-4BC07735A5B0}
		{8119AB46-F338-4D7E-8BD2-23B69D65559D} = {CA9AC87F-097E-4F15-8393-4BC07735A5B0}
		{13B339D4-6563-4E7A-BCBC-9EB02AFEAC47} = {8119AB46-F338-4D7E-8BD2-23B69D65559D}
		{795AD9B8-AA7A-410E-B6D6-EAABAEB9674E} = {8119AB46-F338-4D7E-8BD2-23B69D65559D}
		{B00AAA31-A339-4677-B024-1F46E45C6EDB} = {CA9AC87F-097E-4F15-8393-4BC07735A5B0}
		{F9D8785F-6411-4289-9C80-BA1FC4AADA66} = {CA9AC87F-097E-4F15-8393-4BC07735A5B0}
		{02F4D718-5622-4CC2-BEA9-48B5E638A31A} = {F9D8785F-6411-4289-9C80-BA1FC4AADA66}
		{1A6E5E1C-F1CB-44CA-B762-C4038B1D8735} = {F9D8785F-6411-4289-9C80-BA1FC4AADA66}
		{B8DC3E9E-7F70-47F4-B5DB-F1712849F2F0} = {F9D8785F-6411-4289-9C80-BA1FC4AADA66}
		{C5D26776-321C-48B9-9CB9-3F0875203686} = {F9D8785F-6411-4289-9C80-BA1FC4AADA66}
		{0A116255-E367-42BE-B01E-C1AD166F33BA} = {F9D8785F-6411-4289-9C80-BA1FC4AADA66}
		{18C3D550-E709-4725-B2C5-93868DDC45F7} = {04DBDB01-70F4-4E06-B468-8F87850B22BE}
		{45D1FA70-2C51-48F8-AA49-F5CA412CD223} = {04DBDB01-70F4-4E06-B468-8F87850B22BE}
		{42A49580-4B5B-4388-9C59-839666834A6D} = {45D1FA70-2C51-48F8-AA49-F5CA412CD223}
		{64C27750-7C36-48A9-A6CE-C8094C5BAC6D} = {45D1FA70-2C51-48F8-AA49-F5CA412CD223}
		{BC4618A3-D788-4525-BFCA-C3B2C3B01A3B} = {04DBDB01-70F4-4E06-B468-8F87850B22BE}
	EndGlobalSection
	GlobalSection(ExtensibilityGlobals) = postSolution
		SolutionGuid = {28315BFD-90E7-4E14-A2EA-F3D23AF4126F}
	EndGlobalSection
EndGlobal
